
Microsoft Visual Studio Solution File, Format Version 12.00
# Visual Studio Version 17
VisualStudioVersion = 17.0.31903.59
MinimumVisualStudioVersion = 10.0.40219.1
Project("{FAE04EC0-301F-11D3-BF4B-00C04F79EFBC}") = "PersonalExpensesManager.Api", "PersonalExpensesManager.Api\PersonalExpensesManager.Api.csproj", "{59F4B19D-C8D2-455A-AE54-AF19E3EADF6B}"
EndProject
Project("{FAE04EC0-301F-11D3-BF4B-00C04F79EFBC}") = "PersonalExpensesManager.Client", "PersonalExpensesManager.Client\PersonalExpensesManager.Client.csproj", "{87EDB8A2-4816-475F-B684-19A002BBBBB8}"
EndProject
Project("{FAE04EC0-301F-11D3-BF4B-00C04F79EFBC}") = "PersonalExpensesManager.Shared", "PersonalExpensesManager.Shared\PersonalExpensesManager.Shared.csproj", "{E18BF950-1BE9-4090-814E-EF588EC20101}"
EndProject
Global
	GlobalSection(SolutionConfigurationPlatforms) = preSolution
		Debug|Any CPU = Debug|Any CPU
		Release|Any CPU = Release|Any CPU
	EndGlobalSection
	GlobalSection(SolutionProperties) = preSolution
		HideSolutionNode = FALSE
	EndGlobalSection
	GlobalSection(ProjectConfigurationPlatforms) = postSolution
		{59F4B19D-C8D2-455A-AE54-AF19E3EADF6B}.Debug|Any CPU.ActiveCfg = Debug|Any CPU
		{59F4B19D-C8D2-455A-AE54-AF19E3EADF6B}.Debug|Any CPU.Build.0 = Debug|Any CPU
		{59F4B19D-C8D2-455A-AE54-AF19E3EADF6B}.Release|Any CPU.ActiveCfg = Release|Any CPU
		{59F4B19D-C8D2-455A-AE54-AF19E3EADF6B}.Release|Any CPU.Build.0 = Release|Any CPU
		{87EDB8A2-4816-475F-B684-19A002BBBBB8}.Debug|Any CPU.ActiveCfg = Debug|Any CPU
		{87EDB8A2-4816-475F-B684-19A002BBBBB8}.Debug|Any CPU.Build.0 = Debug|Any CPU
		{87EDB8A2-4816-475F-B684-19A002BBBBB8}.Release|Any CPU.ActiveCfg = Release|Any CPU
		{87EDB8A2-4816-475F-B684-19A002BBBBB8}.Release|Any CPU.Build.0 = Release|Any CPU
		{E18BF950-1BE9-4090-814E-EF588EC20101}.Debug|Any CPU.ActiveCfg = Debug|Any CPU
		{E18BF950-1BE9-4090-814E-EF588EC20101}.Debug|Any CPU.Build.0 = Debug|Any CPU
		{E18BF950-1BE9-4090-814E-EF588EC20101}.Release|Any CPU.ActiveCfg = Release|Any CPU
		{E18BF950-1BE9-4090-814E-EF588EC20101}.Release|Any CPU.Build.0 = Release|Any CPU
	EndGlobalSection
EndGlobal
